// !$*UTF8*$!
{
	archiveVersion = 1;
	classes = {
	};
	objectVersion = 48;
	objects = {

/* Begin PBXBuildFile section */
		354E60221FF3435B00BE7615 /* SoundBoard2ViewController.swift in Sources */ = {isa = PBXBuildFile; fileRef = 354E60211FF3435B00BE7615 /* SoundBoard2ViewController.swift */; };
		354E60251FF344BF00BE7615 /* Buen Provecho.wav in Resources */ = {isa = PBXBuildFile; fileRef = 354E60231FF344BE00BE7615 /* Buen Provecho.wav */; };
		354E60261FF344BF00BE7615 /* Flea Bags.wav in Resources */ = {isa = PBXBuildFile; fileRef = 354E60241FF344BF00BE7615 /* Flea Bags.wav */; };
		354E60321FF346A100BE7615 /* Get Ya.wav in Resources */ = {isa = PBXBuildFile; fileRef = 354E60271FF3469E00BE7615 /* Get Ya.wav */; };
		354E60331FF346A100BE7615 /* Eric.wav in Resources */ = {isa = PBXBuildFile; fileRef = 354E60281FF3469E00BE7615 /* Eric.wav */; };
		354E60341FF346A100BE7615 /* Leaves.wav in Resources */ = {isa = PBXBuildFile; fileRef = 354E60291FF3469E00BE7615 /* Leaves.wav */; };
		354E60351FF346A100BE7615 /* Scares Me.wav in Resources */ = {isa = PBXBuildFile; fileRef = 354E602A1FF3469F00BE7615 /* Scares Me.wav */; };
		354E60361FF346A100BE7615 /* Check.wav in Resources */ = {isa = PBXBuildFile; fileRef = 354E602B1FF3469F00BE7615 /* Check.wav */; };
		354E60371FF346A100BE7615 /* Cry.wav in Resources */ = {isa = PBXBuildFile; fileRef = 354E602C1FF3469F00BE7615 /* Cry.wav */; };
		354E60381FF346A100BE7615 /* Too Close.wav in Resources */ = {isa = PBXBuildFile; fileRef = 354E602D1FF346A000BE7615 /* Too Close.wav */; };
		354E60391FF346A100BE7615 /* For What.wav in Resources */ = {isa = PBXBuildFile; fileRef = 354E602E1FF346A000BE7615 /* For What.wav */; };
		354E603A1FF346A100BE7615 /* Morenga.wav in Resources */ = {isa = PBXBuildFile; fileRef = 354E602F1FF346A000BE7615 /* Morenga.wav */; };
		354E603B1FF346A100BE7615 /* Bully.wav in Resources */ = {isa = PBXBuildFile; fileRef = 354E60301FF346A000BE7615 /* Bully.wav */; };
		354E603C1FF346A100BE7615 /* Hell.wav in Resources */ = {isa = PBXBuildFile; fileRef = 354E60311FF346A000BE7615 /* Hell.wav */; };
		35625C1D1FB4133100B4E33D /* AddQuotesViewController.swift in Sources */ = {isa = PBXBuildFile; fileRef = 35625C1C1FB4133100B4E33D /* AddQuotesViewController.swift */; };
		356FBDCE1FB004CB00D97851 /* AppDelegate.swift in Sources */ = {isa = PBXBuildFile; fileRef = 356FBDCD1FB004CB00D97851 /* AppDelegate.swift */; };
		356FBDD01FB004CB00D97851 /* QuotesViewController.swift in Sources */ = {isa = PBXBuildFile; fileRef = 356FBDCF1FB004CB00D97851 /* QuotesViewController.swift */; };
		356FBDD31FB004CB00D97851 /* Main.storyboard in Resources */ = {isa = PBXBuildFile; fileRef = 356FBDD11FB004CB00D97851 /* Main.storyboard */; };
		356FBDD51FB004CB00D97851 /* Assets.xcassets in Resources */ = {isa = PBXBuildFile; fileRef = 356FBDD41FB004CB00D97851 /* Assets.xcassets */; };
		356FBDD81FB004CB00D97851 /* LaunchScreen.storyboard in Resources */ = {isa = PBXBuildFile; fileRef = 356FBDD61FB004CB00D97851 /* LaunchScreen.storyboard */; };
		356FBDE31FB00A2400D97851 /* Quote.swift in Sources */ = {isa = PBXBuildFile; fileRef = 356FBDE21FB00A2400D97851 /* Quote.swift */; };
		35C8027E1FE4EB0400774752 /* Lunch.wav in Resources */ = {isa = PBXBuildFile; fileRef = 35C8026D1FE4EAF900774752 /* Lunch.wav */; };
		35C8027F1FE4EB0400774752 /* Monkey.wav in Resources */ = {isa = PBXBuildFile; fileRef = 35C8026E1FE4EAF900774752 /* Monkey.wav */; };
		35C802801FE4EB0400774752 /* QRU.wav in Resources */ = {isa = PBXBuildFile; fileRef = 35C8026F1FE4EAF900774752 /* QRU.wav */; };
		35C802811FE4EB0400774752 /* Mmmm.wav in Resources */ = {isa = PBXBuildFile; fileRef = 35C802701FE4EAFA00774752 /* Mmmm.wav */; };
		35C802821FE4EB0400774752 /* Lil Boy.wav in Resources */ = {isa = PBXBuildFile; fileRef = 35C802711FE4EAFA00774752 /* Lil Boy.wav */; };
		35C802831FE4EB0400774752 /* Coffee Stir.wav in Resources */ = {isa = PBXBuildFile; fileRef = 35C802721FE4EAFB00774752 /* Coffee Stir.wav */; };
		35C802841FE4EB0400774752 /* Goodbye.wav in Resources */ = {isa = PBXBuildFile; fileRef = 35C802731FE4EAFC00774752 /* Goodbye.wav */; };
		35C802851FE4EB0400774752 /* Protocol.wav in Resources */ = {isa = PBXBuildFile; fileRef = 35C802741FE4EAFD00774752 /* Protocol.wav */; };
		35C802861FE4EB0400774752 /* That Big.wav in Resources */ = {isa = PBXBuildFile; fileRef = 35C802751FE4EAFE00774752 /* That Big.wav */; };
		35C802871FE4EB0400774752 /* Boys.wav in Resources */ = {isa = PBXBuildFile; fileRef = 35C802761FE4EAFE00774752 /* Boys.wav */; };
		35C802881FE4EB0400774752 /* Yell.wav in Resources */ = {isa = PBXBuildFile; fileRef = 35C802771FE4EAFF00774752 /* Yell.wav */; };
		35C802891FE4EB0400774752 /* Excited.wav in Resources */ = {isa = PBXBuildFile; fileRef = 35C802781FE4EB0000774752 /* Excited.wav */; };
		35C8028A1FE4EB0400774752 /* Doing This.wav in Resources */ = {isa = PBXBuildFile; fileRef = 35C802791FE4EB0000774752 /* Doing This.wav */; };
		35C8028B1FE4EB0400774752 /* I Can't.wav in Resources */ = {isa = PBXBuildFile; fileRef = 35C8027A1FE4EB0100774752 /* I Can't.wav */; };
		35C8028C1FE4EB0400774752 /* Handle It.wav in Resources */ = {isa = PBXBuildFile; fileRef = 35C8027B1FE4EB0200774752 /* Handle It.wav */; };
		35C8028D1FE4EB0400774752 /* Serious.wav in Resources */ = {isa = PBXBuildFile; fileRef = 35C8027C1FE4EB0300774752 /* Serious.wav */; };
		35C8028E1FE4EB0400774752 /* Laugh.wav in Resources */ = {isa = PBXBuildFile; fileRef = 35C8027D1FE4EB0300774752 /* Laugh.wav */; };
		35CBF66C1FCA54B900A07F6C /* UpdateQuoteViewController.swift in Sources */ = {isa = PBXBuildFile; fileRef = 35CBF66B1FCA54B900A07F6C /* UpdateQuoteViewController.swift */; };
		35CBF67C1FCBCD2600A07F6C /* SoundBoardViewController.swift in Sources */ = {isa = PBXBuildFile; fileRef = 35CBF67B1FCBCD2600A07F6C /* SoundBoardViewController.swift */; };
		35F949921FDC92FD0026C241 /* miamibeach-logo.png in Resources */ = {isa = PBXBuildFile; fileRef = 35F9498E1FDC92FC0026C241 /* miamibeach-logo.png */; };
		35F949931FDC92FD0026C241 /* Hamburger.PNG in Resources */ = {isa = PBXBuildFile; fileRef = 35F9498F1FDC92FC0026C241 /* Hamburger.PNG */; };
		35F949941FDC92FD0026C241 /* MBWallMural_DeanFinal.jpg in Resources */ = {isa = PBXBuildFile; fileRef = 35F949901FDC92FC0026C241 /* MBWallMural_DeanFinal.jpg */; };
		35F949951FDC92FD0026C241 /* hero-updated.jpg in Resources */ = {isa = PBXBuildFile; fileRef = 35F949911FDC92FD0026C241 /* hero-updated.jpg */; };
		35F949971FDC98540026C241 /* HomeViewController.swift in Sources */ = {isa = PBXBuildFile; fileRef = 35F949961FDC98540026C241 /* HomeViewController.swift */; };
		35F949A61FDCC8820026C241 /* Where Charles.wav in Resources */ = {isa = PBXBuildFile; fileRef = 35F9499A1FDCC8810026C241 /* Where Charles.wav */; };
		35F949A81FDCC8820026C241 /* Chihuahua 2.wav in Resources */ = {isa = PBXBuildFile; fileRef = 35F9499C1FDCC8820026C241 /* Chihuahua 2.wav */; };
		35F949AA1FDCC8820026C241 /* Force It.wav in Resources */ = {isa = PBXBuildFile; fileRef = 35F9499E1FDCC8820026C241 /* Force It.wav */; };
		35F949AB1FDCC8820026C241 /* Cocotaso.wav in Resources */ = {isa = PBXBuildFile; fileRef = 35F9499F1FDCC8820026C241 /* Cocotaso.wav */; };
		35F949AF1FDCC8820026C241 /* What.wav in Resources */ = {isa = PBXBuildFile; fileRef = 35F949A31FDCC8820026C241 /* What.wav */; };
		35F949B11FDE518F0026C241 /* PensionCalcViewController.swift in Sources */ = {isa = PBXBuildFile; fileRef = 35F949B01FDE518F0026C241 /* PensionCalcViewController.swift */; };
		35F949B31FE230920026C241 /* PensMenuViewController.swift in Sources */ = {isa = PBXBuildFile; fileRef = 35F949B21FE230920026C241 /* PensMenuViewController.swift */; };
		91A6D6A3E2425380B1C56B87 /* Pods_IT_Swift.framework in Frameworks */ = {isa = PBXBuildFile; fileRef = 9CA6F19C5BD3560C6FF83CF8 /* Pods_IT_Swift.framework */; };
/* End PBXBuildFile section */

/* Begin PBXFileReference section */
		1103C78D8C3DD8DD232904AF /* Pods-IT-Swift.release.xcconfig */ = {isa = PBXFileReference; includeInIndex = 1; lastKnownFileType = text.xcconfig; name = "Pods-IT-Swift.release.xcconfig"; path = "Pods/Target Support Files/Pods-IT-Swift/Pods-IT-Swift.release.xcconfig"; sourceTree = "<group>"; };
		354E60211FF3435B00BE7615 /* SoundBoard2ViewController.swift */ = {isa = PBXFileReference; lastKnownFileType = sourcecode.swift; path = SoundBoard2ViewController.swift; sourceTree = "<group>"; };
		354E60231FF344BE00BE7615 /* Buen Provecho.wav */ = {isa = PBXFileReference; lastKnownFileType = audio.wav; path = "Buen Provecho.wav"; sourceTree = "<group>"; };
		354E60241FF344BF00BE7615 /* Flea Bags.wav */ = {isa = PBXFileReference; lastKnownFileType = audio.wav; path = "Flea Bags.wav"; sourceTree = "<group>"; };
		354E60271FF3469E00BE7615 /* Get Ya.wav */ = {isa = PBXFileReference; lastKnownFileType = audio.wav; path = "Get Ya.wav"; sourceTree = "<group>"; };
		354E60281FF3469E00BE7615 /* Eric.wav */ = {isa = PBXFileReference; lastKnownFileType = audio.wav; path = Eric.wav; sourceTree = "<group>"; };
		354E60291FF3469E00BE7615 /* Leaves.wav */ = {isa = PBXFileReference; lastKnownFileType = audio.wav; path = Leaves.wav; sourceTree = "<group>"; };
		354E602A1FF3469F00BE7615 /* Scares Me.wav */ = {isa = PBXFileReference; lastKnownFileType = audio.wav; path = "Scares Me.wav"; sourceTree = "<group>"; };
		354E602B1FF3469F00BE7615 /* Check.wav */ = {isa = PBXFileReference; lastKnownFileType = audio.wav; path = Check.wav; sourceTree = "<group>"; };
		354E602C1FF3469F00BE7615 /* Cry.wav */ = {isa = PBXFileReference; lastKnownFileType = audio.wav; path = Cry.wav; sourceTree = "<group>"; };
		354E602D1FF346A000BE7615 /* Too Close.wav */ = {isa = PBXFileReference; lastKnownFileType = audio.wav; path = "Too Close.wav"; sourceTree = "<group>"; };
		354E602E1FF346A000BE7615 /* For What.wav */ = {isa = PBXFileReference; lastKnownFileType = audio.wav; path = "For What.wav"; sourceTree = "<group>"; };
		354E602F1FF346A000BE7615 /* Morenga.wav */ = {isa = PBXFileReference; lastKnownFileType = audio.wav; path = Morenga.wav; sourceTree = "<group>"; };
		354E60301FF346A000BE7615 /* Bully.wav */ = {isa = PBXFileReference; lastKnownFileType = audio.wav; path = Bully.wav; sourceTree = "<group>"; };
		354E60311FF346A000BE7615 /* Hell.wav */ = {isa = PBXFileReference; lastKnownFileType = audio.wav; path = Hell.wav; sourceTree = "<group>"; };
		35625C1C1FB4133100B4E33D /* AddQuotesViewController.swift */ = {isa = PBXFileReference; lastKnownFileType = sourcecode.swift; path = AddQuotesViewController.swift; sourceTree = "<group>"; };
		356FBDCA1FB004CB00D97851 /* IT-Swift.app */ = {isa = PBXFileReference; explicitFileType = wrapper.application; includeInIndex = 0; path = "IT-Swift.app"; sourceTree = BUILT_PRODUCTS_DIR; };
		356FBDCD1FB004CB00D97851 /* AppDelegate.swift */ = {isa = PBXFileReference; lastKnownFileType = sourcecode.swift; path = AppDelegate.swift; sourceTree = "<group>"; };
		356FBDCF1FB004CB00D97851 /* QuotesViewController.swift */ = {isa = PBXFileReference; lastKnownFileType = sourcecode.swift; path = QuotesViewController.swift; sourceTree = "<group>"; };
		356FBDD21FB004CB00D97851 /* Base */ = {isa = PBXFileReference; lastKnownFileType = file.storyboard; name = Base; path = Base.lproj/Main.storyboard; sourceTree = "<group>"; };
		356FBDD41FB004CB00D97851 /* Assets.xcassets */ = {isa = PBXFileReference; lastKnownFileType = folder.assetcatalog; path = Assets.xcassets; sourceTree = "<group>"; };
		356FBDD71FB004CB00D97851 /* Base */ = {isa = PBXFileReference; lastKnownFileType = file.storyboard; name = Base; path = Base.lproj/LaunchScreen.storyboard; sourceTree = "<group>"; };
		356FBDD91FB004CB00D97851 /* Info.plist */ = {isa = PBXFileReference; lastKnownFileType = text.plist.xml; path = Info.plist; sourceTree = "<group>"; };
		356FBDE21FB00A2400D97851 /* Quote.swift */ = {isa = PBXFileReference; lastKnownFileType = sourcecode.swift; path = Quote.swift; sourceTree = "<group>"; };
		35C8026D1FE4EAF900774752 /* Lunch.wav */ = {isa = PBXFileReference; lastKnownFileType = audio.wav; path = Lunch.wav; sourceTree = "<group>"; };
		35C8026E1FE4EAF900774752 /* Monkey.wav */ = {isa = PBXFileReference; lastKnownFileType = audio.wav; path = Monkey.wav; sourceTree = "<group>"; };
		35C8026F1FE4EAF900774752 /* QRU.wav */ = {isa = PBXFileReference; lastKnownFileType = audio.wav; path = QRU.wav; sourceTree = "<group>"; };
		35C802701FE4EAFA00774752 /* Mmmm.wav */ = {isa = PBXFileReference; lastKnownFileType = audio.wav; path = Mmmm.wav; sourceTree = "<group>"; };
		35C802711FE4EAFA00774752 /* Lil Boy.wav */ = {isa = PBXFileReference; lastKnownFileType = audio.wav; path = "Lil Boy.wav"; sourceTree = "<group>"; };
		35C802721FE4EAFB00774752 /* Coffee Stir.wav */ = {isa = PBXFileReference; lastKnownFileType = audio.wav; path = "Coffee Stir.wav"; sourceTree = "<group>"; };
		35C802731FE4EAFC00774752 /* Goodbye.wav */ = {isa = PBXFileReference; lastKnownFileType = audio.wav; path = Goodbye.wav; sourceTree = "<group>"; };
		35C802741FE4EAFD00774752 /* Protocol.wav */ = {isa = PBXFileReference; lastKnownFileType = audio.wav; path = Protocol.wav; sourceTree = "<group>"; };
		35C802751FE4EAFE00774752 /* That Big.wav */ = {isa = PBXFileReference; lastKnownFileType = audio.wav; path = "That Big.wav"; sourceTree = "<group>"; };
		35C802761FE4EAFE00774752 /* Boys.wav */ = {isa = PBXFileReference; lastKnownFileType = audio.wav; path = Boys.wav; sourceTree = "<group>"; };
		35C802771FE4EAFF00774752 /* Yell.wav */ = {isa = PBXFileReference; lastKnownFileType = audio.wav; path = Yell.wav; sourceTree = "<group>"; };
		35C802781FE4EB0000774752 /* Excited.wav */ = {isa = PBXFileReference; lastKnownFileType = audio.wav; path = Excited.wav; sourceTree = "<group>"; };
		35C802791FE4EB0000774752 /* Doing This.wav */ = {isa = PBXFileReference; lastKnownFileType = audio.wav; path = "Doing This.wav"; sourceTree = "<group>"; };
		35C8027A1FE4EB0100774752 /* I Can't.wav */ = {isa = PBXFileReference; lastKnownFileType = audio.wav; path = "I Can't.wav"; sourceTree = "<group>"; };
		35C8027B1FE4EB0200774752 /* Handle It.wav */ = {isa = PBXFileReference; lastKnownFileType = audio.wav; path = "Handle It.wav"; sourceTree = "<group>"; };
		35C8027C1FE4EB0300774752 /* Serious.wav */ = {isa = PBXFileReference; lastKnownFileType = audio.wav; path = Serious.wav; sourceTree = "<group>"; };
		35C8027D1FE4EB0300774752 /* Laugh.wav */ = {isa = PBXFileReference; lastKnownFileType = audio.wav; path = Laugh.wav; sourceTree = "<group>"; };
		35CBF66B1FCA54B900A07F6C /* UpdateQuoteViewController.swift */ = {isa = PBXFileReference; lastKnownFileType = sourcecode.swift; path = UpdateQuoteViewController.swift; sourceTree = "<group>"; };
		35CBF67B1FCBCD2600A07F6C /* SoundBoardViewController.swift */ = {isa = PBXFileReference; lastKnownFileType = sourcecode.swift; path = SoundBoardViewController.swift; sourceTree = "<group>"; };
		35F9498E1FDC92FC0026C241 /* miamibeach-logo.png */ = {isa = PBXFileReference; lastKnownFileType = image.png; path = "miamibeach-logo.png"; sourceTree = "<group>"; };
		35F9498F1FDC92FC0026C241 /* Hamburger.PNG */ = {isa = PBXFileReference; lastKnownFileType = image.png; path = Hamburger.PNG; sourceTree = "<group>"; };
		35F949901FDC92FC0026C241 /* MBWallMural_DeanFinal.jpg */ = {isa = PBXFileReference; lastKnownFileType = image.jpeg; path = MBWallMural_DeanFinal.jpg; sourceTree = "<group>"; };
		35F949911FDC92FD0026C241 /* hero-updated.jpg */ = {isa = PBXFileReference; lastKnownFileType = image.jpeg; path = "hero-updated.jpg"; sourceTree = "<group>"; };
		35F949961FDC98540026C241 /* HomeViewController.swift */ = {isa = PBXFileReference; lastKnownFileType = sourcecode.swift; path = HomeViewController.swift; sourceTree = "<group>"; };
		35F9499A1FDCC8810026C241 /* Where Charles.wav */ = {isa = PBXFileReference; lastKnownFileType = audio.wav; path = "Where Charles.wav"; sourceTree = "<group>"; };
		35F9499C1FDCC8820026C241 /* Chihuahua 2.wav */ = {isa = PBXFileReference; lastKnownFileType = audio.wav; path = "Chihuahua 2.wav"; sourceTree = "<group>"; };
		35F9499E1FDCC8820026C241 /* Force It.wav */ = {isa = PBXFileReference; lastKnownFileType = audio.wav; path = "Force It.wav"; sourceTree = "<group>"; };
		35F9499F1FDCC8820026C241 /* Cocotaso.wav */ = {isa = PBXFileReference; lastKnownFileType = audio.wav; path = Cocotaso.wav; sourceTree = "<group>"; };
		35F949A31FDCC8820026C241 /* What.wav */ = {isa = PBXFileReference; lastKnownFileType = audio.wav; path = What.wav; sourceTree = "<group>"; };
		35F949B01FDE518F0026C241 /* PensionCalcViewController.swift */ = {isa = PBXFileReference; lastKnownFileType = sourcecode.swift; path = PensionCalcViewController.swift; sourceTree = "<group>"; };
		35F949B21FE230920026C241 /* PensMenuViewController.swift */ = {isa = PBXFileReference; lastKnownFileType = sourcecode.swift; path = PensMenuViewController.swift; sourceTree = "<group>"; };
		940D4063E7507759816A4797 /* Pods-IT-Swift.debug.xcconfig */ = {isa = PBXFileReference; includeInIndex = 1; lastKnownFileType = text.xcconfig; name = "Pods-IT-Swift.debug.xcconfig"; path = "Pods/Target Support Files/Pods-IT-Swift/Pods-IT-Swift.debug.xcconfig"; sourceTree = "<group>"; };
		9CA6F19C5BD3560C6FF83CF8 /* Pods_IT_Swift.framework */ = {isa = PBXFileReference; explicitFileType = wrapper.framework; includeInIndex = 0; path = Pods_IT_Swift.framework; sourceTree = BUILT_PRODUCTS_DIR; };
/* End PBXFileReference section */

/* Begin PBXFrameworksBuildPhase section */
		356FBDC71FB004CB00D97851 /* Frameworks */ = {
			isa = PBXFrameworksBuildPhase;
			buildActionMask = 2147483647;
			files = (
				91A6D6A3E2425380B1C56B87 /* Pods_IT_Swift.framework in Frameworks */,
			);
			runOnlyForDeploymentPostprocessing = 0;
		};
/* End PBXFrameworksBuildPhase section */

/* Begin PBXGroup section */
		23AB16198911478CAD0E94E9 /* Pods */ = {
			isa = PBXGroup;
			children = (
				940D4063E7507759816A4797 /* Pods-IT-Swift.debug.xcconfig */,
				1103C78D8C3DD8DD232904AF /* Pods-IT-Swift.release.xcconfig */,
			);
			name = Pods;
			sourceTree = "<group>";
		};
		356FBDC11FB004CB00D97851 = {
			isa = PBXGroup;
			children = (
				356FBDCC1FB004CB00D97851 /* IT-Swift */,
				356FBDCB1FB004CB00D97851 /* Products */,
				23AB16198911478CAD0E94E9 /* Pods */,
				BA93A7B918A27213B25257E3 /* Frameworks */,
			);
			sourceTree = "<group>";
		};
		356FBDCB1FB004CB00D97851 /* Products */ = {
			isa = PBXGroup;
			children = (
				356FBDCA1FB004CB00D97851 /* IT-Swift.app */,
			);
			name = Products;
			sourceTree = "<group>";
		};
		356FBDCC1FB004CB00D97851 /* IT-Swift */ = {
			isa = PBXGroup;
			children = (
				35F9498D1FDC927F0026C241 /* Images */,
				35CBF67E1FD3C6E100A07F6C /* Sound Files */,
				356FBDE11FB004F900D97851 /* Controller */,
				356FBDE01FB004F300D97851 /* View */,
				356FBDDF1FB004DF00D97851 /* Model */,
				356FBDD41FB004CB00D97851 /* Assets.xcassets */,
				356FBDD61FB004CB00D97851 /* LaunchScreen.storyboard */,
				356FBDD91FB004CB00D97851 /* Info.plist */,
			);
			path = "IT-Swift";
			sourceTree = "<group>";
		};
		356FBDDF1FB004DF00D97851 /* Model */ = {
			isa = PBXGroup;
			children = (
				356FBDE21FB00A2400D97851 /* Quote.swift */,
			);
			path = Model;
			sourceTree = "<group>";
		};
		356FBDE01FB004F300D97851 /* View */ = {
			isa = PBXGroup;
			children = (
				356FBDD11FB004CB00D97851 /* Main.storyboard */,
			);
			path = View;
			sourceTree = "<group>";
		};
		356FBDE11FB004F900D97851 /* Controller */ = {
			isa = PBXGroup;
			children = (
				356FBDCD1FB004CB00D97851 /* AppDelegate.swift */,
				356FBDCF1FB004CB00D97851 /* QuotesViewController.swift */,
				35625C1C1FB4133100B4E33D /* AddQuotesViewController.swift */,
				35CBF66B1FCA54B900A07F6C /* UpdateQuoteViewController.swift */,
				35CBF67B1FCBCD2600A07F6C /* SoundBoardViewController.swift */,
				35F949961FDC98540026C241 /* HomeViewController.swift */,
				35F949B01FDE518F0026C241 /* PensionCalcViewController.swift */,
				35F949B21FE230920026C241 /* PensMenuViewController.swift */,
				354E60211FF3435B00BE7615 /* SoundBoard2ViewController.swift */,
			);
			path = Controller;
			sourceTree = "<group>";
		};
		35CBF67E1FD3C6E100A07F6C /* Sound Files */ = {
			isa = PBXGroup;
			children = (
				354E60301FF346A000BE7615 /* Bully.wav */,
				354E602B1FF3469F00BE7615 /* Check.wav */,
				354E602C1FF3469F00BE7615 /* Cry.wav */,
				354E60281FF3469E00BE7615 /* Eric.wav */,
				354E602E1FF346A000BE7615 /* For What.wav */,
				354E60271FF3469E00BE7615 /* Get Ya.wav */,
				354E60311FF346A000BE7615 /* Hell.wav */,
				354E60291FF3469E00BE7615 /* Leaves.wav */,
				354E602F1FF346A000BE7615 /* Morenga.wav */,
				354E602A1FF3469F00BE7615 /* Scares Me.wav */,
				354E602D1FF346A000BE7615 /* Too Close.wav */,
				354E60231FF344BE00BE7615 /* Buen Provecho.wav */,
				354E60241FF344BF00BE7615 /* Flea Bags.wav */,
				35C802761FE4EAFE00774752 /* Boys.wav */,
				35C802721FE4EAFB00774752 /* Coffee Stir.wav */,
				35C802791FE4EB0000774752 /* Doing This.wav */,
				35C802781FE4EB0000774752 /* Excited.wav */,
				35C802731FE4EAFC00774752 /* Goodbye.wav */,
				35C8027B1FE4EB0200774752 /* Handle It.wav */,
				35C8027A1FE4EB0100774752 /* I Can't.wav */,
				35C8027D1FE4EB0300774752 /* Laugh.wav */,
				35C802711FE4EAFA00774752 /* Lil Boy.wav */,
				35C8026D1FE4EAF900774752 /* Lunch.wav */,
				35C802701FE4EAFA00774752 /* Mmmm.wav */,
				35C8026E1FE4EAF900774752 /* Monkey.wav */,
				35C802741FE4EAFD00774752 /* Protocol.wav */,
				35C8026F1FE4EAF900774752 /* QRU.wav */,
				35C8027C1FE4EB0300774752 /* Serious.wav */,
				35C802751FE4EAFE00774752 /* That Big.wav */,
				35C802771FE4EAFF00774752 /* Yell.wav */,
				35F9499F1FDCC8820026C241 /* Cocotaso.wav */,
				35F9499E1FDCC8820026C241 /* Force It.wav */,
				35F949A31FDCC8820026C241 /* What.wav */,
				35F9499A1FDCC8810026C241 /* Where Charles.wav */,
				35F9499C1FDCC8820026C241 /* Chihuahua 2.wav */,
			);
			path = "Sound Files";
			sourceTree = "<group>";
		};
		35F9498D1FDC927F0026C241 /* Images */ = {
			isa = PBXGroup;
			children = (
				35F9498F1FDC92FC0026C241 /* Hamburger.PNG */,
				35F949911FDC92FD0026C241 /* hero-updated.jpg */,
				35F949901FDC92FC0026C241 /* MBWallMural_DeanFinal.jpg */,
				35F9498E1FDC92FC0026C241 /* miamibeach-logo.png */,
			);
			path = Images;
			sourceTree = "<group>";
		};
		BA93A7B918A27213B25257E3 /* Frameworks */ = {
			isa = PBXGroup;
			children = (
				9CA6F19C5BD3560C6FF83CF8 /* Pods_IT_Swift.framework */,
			);
			name = Frameworks;
			sourceTree = "<group>";
		};
/* End PBXGroup section */

/* Begin PBXNativeTarget section */
		356FBDC91FB004CB00D97851 /* IT-Swift */ = {
			isa = PBXNativeTarget;
			buildConfigurationList = 356FBDDC1FB004CB00D97851 /* Build configuration list for PBXNativeTarget "IT-Swift" */;
			buildPhases = (
				7D580398DED8AC419BB01338 /* [CP] Check Pods Manifest.lock */,
				356FBDC61FB004CB00D97851 /* Sources */,
				356FBDC71FB004CB00D97851 /* Frameworks */,
				356FBDC81FB004CB00D97851 /* Resources */,
				D7352575369BE02C2309F13E /* [CP] Embed Pods Frameworks */,
				D27604FF70BC9187CA495433 /* [CP] Copy Pods Resources */,
			);
			buildRules = (
			);
			dependencies = (
			);
			name = "IT-Swift";
			productName = "IT-Swift";
			productReference = 356FBDCA1FB004CB00D97851 /* IT-Swift.app */;
			productType = "com.apple.product-type.application";
		};
/* End PBXNativeTarget section */

/* Begin PBXProject section */
		356FBDC21FB004CB00D97851 /* Project object */ = {
			isa = PBXProject;
			attributes = {
				LastSwiftUpdateCheck = 0910;
				LastUpgradeCheck = 0910;
				ORGANIZATIONNAME = "Martin Technical Solutions";
				TargetAttributes = {
					356FBDC91FB004CB00D97851 = {
						CreatedOnToolsVersion = 9.1;
						ProvisioningStyle = Manual;
					};
				};
			};
			buildConfigurationList = 356FBDC51FB004CB00D97851 /* Build configuration list for PBXProject "IT-Swift" */;
			compatibilityVersion = "Xcode 8.0";
			developmentRegion = en;
			hasScannedForEncodings = 0;
			knownRegions = (
				en,
				Base,
			);
			mainGroup = 356FBDC11FB004CB00D97851;
			productRefGroup = 356FBDCB1FB004CB00D97851 /* Products */;
			projectDirPath = "";
			projectRoot = "";
			targets = (
				356FBDC91FB004CB00D97851 /* IT-Swift */,
			);
		};
/* End PBXProject section */

/* Begin PBXResourcesBuildPhase section */
		356FBDC81FB004CB00D97851 /* Resources */ = {
			isa = PBXResourcesBuildPhase;
			buildActionMask = 2147483647;
			files = (
				354E60321FF346A100BE7615 /* Get Ya.wav in Resources */,
				35F949AF1FDCC8820026C241 /* What.wav in Resources */,
				35C8027E1FE4EB0400774752 /* Lunch.wav in Resources */,
				35F949951FDC92FD0026C241 /* hero-updated.jpg in Resources */,
				35F949AA1FDCC8820026C241 /* Force It.wav in Resources */,
				354E60381FF346A100BE7615 /* Too Close.wav in Resources */,
				35C802861FE4EB0400774752 /* That Big.wav in Resources */,
				35F949AB1FDCC8820026C241 /* Cocotaso.wav in Resources */,
				354E60361FF346A100BE7615 /* Check.wav in Resources */,
				35C802841FE4EB0400774752 /* Goodbye.wav in Resources */,
				354E60351FF346A100BE7615 /* Scares Me.wav in Resources */,
				356FBDD81FB004CB00D97851 /* LaunchScreen.storyboard in Resources */,
				35C802801FE4EB0400774752 /* QRU.wav in Resources */,
				354E60251FF344BF00BE7615 /* Buen Provecho.wav in Resources */,
				35C802821FE4EB0400774752 /* Lil Boy.wav in Resources */,
				356FBDD51FB004CB00D97851 /* Assets.xcassets in Resources */,
				35C802881FE4EB0400774752 /* Yell.wav in Resources */,
				354E60341FF346A100BE7615 /* Leaves.wav in Resources */,
				35C8028C1FE4EB0400774752 /* Handle It.wav in Resources */,
				35C802851FE4EB0400774752 /* Protocol.wav in Resources */,
				35C802891FE4EB0400774752 /* Excited.wav in Resources */,
				35C802811FE4EB0400774752 /* Mmmm.wav in Resources */,
				354E60371FF346A100BE7615 /* Cry.wav in Resources */,
				35F949A61FDCC8820026C241 /* Where Charles.wav in Resources */,
				354E603A1FF346A100BE7615 /* Morenga.wav in Resources */,
				35F949931FDC92FD0026C241 /* Hamburger.PNG in Resources */,
				35C8028B1FE4EB0400774752 /* I Can't.wav in Resources */,
				35F949921FDC92FD0026C241 /* miamibeach-logo.png in Resources */,
				35C802831FE4EB0400774752 /* Coffee Stir.wav in Resources */,
				354E603B1FF346A100BE7615 /* Bully.wav in Resources */,
				354E60261FF344BF00BE7615 /* Flea Bags.wav in Resources */,
				354E603C1FF346A100BE7615 /* Hell.wav in Resources */,
				356FBDD31FB004CB00D97851 /* Main.storyboard in Resources */,
				35C8028A1FE4EB0400774752 /* Doing This.wav in Resources */,
				354E60391FF346A100BE7615 /* For What.wav in Resources */,
				35F949941FDC92FD0026C241 /* MBWallMural_DeanFinal.jpg in Resources */,
				35C8028E1FE4EB0400774752 /* Laugh.wav in Resources */,
				354E60331FF346A100BE7615 /* Eric.wav in Resources */,
				35C802871FE4EB0400774752 /* Boys.wav in Resources */,
				35C8028D1FE4EB0400774752 /* Serious.wav in Resources */,
				35F949A81FDCC8820026C241 /* Chihuahua 2.wav in Resources */,
				35C8027F1FE4EB0400774752 /* Monkey.wav in Resources */,
			);
			runOnlyForDeploymentPostprocessing = 0;
		};
/* End PBXResourcesBuildPhase section */

/* Begin PBXShellScriptBuildPhase section */
		7D580398DED8AC419BB01338 /* [CP] Check Pods Manifest.lock */ = {
			isa = PBXShellScriptBuildPhase;
			buildActionMask = 2147483647;
			files = (
			);
			inputPaths = (
				"${PODS_PODFILE_DIR_PATH}/Podfile.lock",
				"${PODS_ROOT}/Manifest.lock",
			);
			name = "[CP] Check Pods Manifest.lock";
			outputPaths = (
				"$(DERIVED_FILE_DIR)/Pods-IT-Swift-checkManifestLockResult.txt",
			);
			runOnlyForDeploymentPostprocessing = 0;
			shellPath = /bin/sh;
			shellScript = "diff \"${PODS_PODFILE_DIR_PATH}/Podfile.lock\" \"${PODS_ROOT}/Manifest.lock\" > /dev/null\nif [ $? != 0 ] ; then\n    # print error to STDERR\n    echo \"error: The sandbox is not in sync with the Podfile.lock. Run 'pod install' or update your CocoaPods installation.\" >&2\n    exit 1\nfi\n# This output is used by Xcode 'outputs' to avoid re-running this script phase.\necho \"SUCCESS\" > \"${SCRIPT_OUTPUT_FILE_0}\"\n";
			showEnvVarsInLog = 0;
		};
		D27604FF70BC9187CA495433 /* [CP] Copy Pods Resources */ = {
			isa = PBXShellScriptBuildPhase;
			buildActionMask = 2147483647;
			files = (
			);
			inputPaths = (
			);
			name = "[CP] Copy Pods Resources";
			outputPaths = (
			);
			runOnlyForDeploymentPostprocessing = 0;
			shellPath = /bin/sh;
			shellScript = "\"${SRCROOT}/Pods/Target Support Files/Pods-IT-Swift/Pods-IT-Swift-resources.sh\"\n";
			showEnvVarsInLog = 0;
		};
		D7352575369BE02C2309F13E /* [CP] Embed Pods Frameworks */ = {
			isa = PBXShellScriptBuildPhase;
			buildActionMask = 2147483647;
			files = (
			);
			inputPaths = (
				"${SRCROOT}/Pods/Target Support Files/Pods-IT-Swift/Pods-IT-Swift-frameworks.sh",
				"${BUILT_PRODUCTS_DIR}/Alamofire/Alamofire.framework",
				"${BUILT_PRODUCTS_DIR}/SwiftyJSON/SwiftyJSON.framework",
			);
			name = "[CP] Embed Pods Frameworks";
			outputPaths = (
				"${TARGET_BUILD_DIR}/${FRAMEWORKS_FOLDER_PATH}/Alamofire.framework",
				"${TARGET_BUILD_DIR}/${FRAMEWORKS_FOLDER_PATH}/SwiftyJSON.framework",
			);
			runOnlyForDeploymentPostprocessing = 0;
			shellPath = /bin/sh;
			shellScript = "\"${SRCROOT}/Pods/Target Support Files/Pods-IT-Swift/Pods-IT-Swift-frameworks.sh\"\n";
			showEnvVarsInLog = 0;
		};
/* End PBXShellScriptBuildPhase section */

/* Begin PBXSourcesBuildPhase section */
		356FBDC61FB004CB00D97851 /* Sources */ = {
			isa = PBXSourcesBuildPhase;
			buildActionMask = 2147483647;
			files = (
				35F949B11FDE518F0026C241 /* PensionCalcViewController.swift in Sources */,
				35F949B31FE230920026C241 /* PensMenuViewController.swift in Sources */,
				354E60221FF3435B00BE7615 /* SoundBoard2ViewController.swift in Sources */,
				356FBDD01FB004CB00D97851 /* QuotesViewController.swift in Sources */,
				35625C1D1FB4133100B4E33D /* AddQuotesViewController.swift in Sources */,
				35F949971FDC98540026C241 /* HomeViewController.swift in Sources */,
				356FBDE31FB00A2400D97851 /* Quote.swift in Sources */,
				35CBF66C1FCA54B900A07F6C /* UpdateQuoteViewController.swift in Sources */,
				356FBDCE1FB004CB00D97851 /* AppDelegate.swift in Sources */,
				35CBF67C1FCBCD2600A07F6C /* SoundBoardViewController.swift in Sources */,
			);
			runOnlyForDeploymentPostprocessing = 0;
		};
/* End PBXSourcesBuildPhase section */

/* Begin PBXVariantGroup section */
		356FBDD11FB004CB00D97851 /* Main.storyboard */ = {
			isa = PBXVariantGroup;
			children = (
				356FBDD21FB004CB00D97851 /* Base */,
			);
			name = Main.storyboard;
			sourceTree = "<group>";
		};
		356FBDD61FB004CB00D97851 /* LaunchScreen.storyboard */ = {
			isa = PBXVariantGroup;
			children = (
				356FBDD71FB004CB00D97851 /* Base */,
			);
			name = LaunchScreen.storyboard;
			sourceTree = "<group>";
		};
/* End PBXVariantGroup section */

/* Begin XCBuildConfiguration section */
		356FBDDA1FB004CB00D97851 /* Debug */ = {
			isa = XCBuildConfiguration;
			buildSettings = {
				ALWAYS_SEARCH_USER_PATHS = NO;
				CLANG_ANALYZER_NONNULL = YES;
				CLANG_ANALYZER_NUMBER_OBJECT_CONVERSION = YES_AGGRESSIVE;
				CLANG_CXX_LANGUAGE_STANDARD = "gnu++14";
				CLANG_CXX_LIBRARY = "libc++";
				CLANG_ENABLE_MODULES = YES;
				CLANG_ENABLE_OBJC_ARC = YES;
				CLANG_WARN_BLOCK_CAPTURE_AUTORELEASING = YES;
				CLANG_WARN_BOOL_CONVERSION = YES;
				CLANG_WARN_COMMA = YES;
				CLANG_WARN_CONSTANT_CONVERSION = YES;
				CLANG_WARN_DIRECT_OBJC_ISA_USAGE = YES_ERROR;
				CLANG_WARN_DOCUMENTATION_COMMENTS = YES;
				CLANG_WARN_EMPTY_BODY = YES;
				CLANG_WARN_ENUM_CONVERSION = YES;
				CLANG_WARN_INFINITE_RECURSION = YES;
				CLANG_WARN_INT_CONVERSION = YES;
				CLANG_WARN_NON_LITERAL_NULL_CONVERSION = YES;
				CLANG_WARN_OBJC_LITERAL_CONVERSION = YES;
				CLANG_WARN_OBJC_ROOT_CLASS = YES_ERROR;
				CLANG_WARN_RANGE_LOOP_ANALYSIS = YES;
				CLANG_WARN_STRICT_PROTOTYPES = YES;
				CLANG_WARN_SUSPICIOUS_MOVE = YES;
				CLANG_WARN_UNGUARDED_AVAILABILITY = YES_AGGRESSIVE;
				CLANG_WARN_UNREACHABLE_CODE = YES;
				CLANG_WARN__DUPLICATE_METHOD_MATCH = YES;
				CODE_SIGN_IDENTITY = "iPhone Developer";
				COPY_PHASE_STRIP = NO;
				DEBUG_INFORMATION_FORMAT = dwarf;
				ENABLE_STRICT_OBJC_MSGSEND = YES;
				ENABLE_TESTABILITY = YES;
				GCC_C_LANGUAGE_STANDARD = gnu11;
				GCC_DYNAMIC_NO_PIC = NO;
				GCC_NO_COMMON_BLOCKS = YES;
				GCC_OPTIMIZATION_LEVEL = 0;
				GCC_PREPROCESSOR_DEFINITIONS = (
					"DEBUG=1",
					"$(inherited)",
				);
				GCC_WARN_64_TO_32_BIT_CONVERSION = YES;
				GCC_WARN_ABOUT_RETURN_TYPE = YES_ERROR;
				GCC_WARN_UNDECLARED_SELECTOR = YES;
				GCC_WARN_UNINITIALIZED_AUTOS = YES_AGGRESSIVE;
				GCC_WARN_UNUSED_FUNCTION = YES;
				GCC_WARN_UNUSED_VARIABLE = YES;
				IPHONEOS_DEPLOYMENT_TARGET = 11.1;
				MTL_ENABLE_DEBUG_INFO = YES;
				ONLY_ACTIVE_ARCH = YES;
				SDKROOT = iphoneos;
				SWIFT_ACTIVE_COMPILATION_CONDITIONS = DEBUG;
				SWIFT_OPTIMIZATION_LEVEL = "-Onone";
			};
			name = Debug;
		};
		356FBDDB1FB004CB00D97851 /* Release */ = {
			isa = XCBuildConfiguration;
			buildSettings = {
				ALWAYS_SEARCH_USER_PATHS = NO;
				CLANG_ANALYZER_NONNULL = YES;
				CLANG_ANALYZER_NUMBER_OBJECT_CONVERSION = YES_AGGRESSIVE;
				CLANG_CXX_LANGUAGE_STANDARD = "gnu++14";
				CLANG_CXX_LIBRARY = "libc++";
				CLANG_ENABLE_MODULES = YES;
				CLANG_ENABLE_OBJC_ARC = YES;
				CLANG_WARN_BLOCK_CAPTURE_AUTORELEASING = YES;
				CLANG_WARN_BOOL_CONVERSION = YES;
				CLANG_WARN_COMMA = YES;
				CLANG_WARN_CONSTANT_CONVERSION = YES;
				CLANG_WARN_DIRECT_OBJC_ISA_USAGE = YES_ERROR;
				CLANG_WARN_DOCUMENTATION_COMMENTS = YES;
				CLANG_WARN_EMPTY_BODY = YES;
				CLANG_WARN_ENUM_CONVERSION = YES;
				CLANG_WARN_INFINITE_RECURSION = YES;
				CLANG_WARN_INT_CONVERSION = YES;
				CLANG_WARN_NON_LITERAL_NULL_CONVERSION = YES;
				CLANG_WARN_OBJC_LITERAL_CONVERSION = YES;
				CLANG_WARN_OBJC_ROOT_CLASS = YES_ERROR;
				CLANG_WARN_RANGE_LOOP_ANALYSIS = YES;
				CLANG_WARN_STRICT_PROTOTYPES = YES;
				CLANG_WARN_SUSPICIOUS_MOVE = YES;
				CLANG_WARN_UNGUARDED_AVAILABILITY = YES_AGGRESSIVE;
				CLANG_WARN_UNREACHABLE_CODE = YES;
				CLANG_WARN__DUPLICATE_METHOD_MATCH = YES;
				CODE_SIGN_IDENTITY = "iPhone Developer";
				COPY_PHASE_STRIP = NO;
				DEBUG_INFORMATION_FORMAT = "dwarf-with-dsym";
				ENABLE_NS_ASSERTIONS = NO;
				ENABLE_STRICT_OBJC_MSGSEND = YES;
				GCC_C_LANGUAGE_STANDARD = gnu11;
				GCC_NO_COMMON_BLOCKS = YES;
				GCC_WARN_64_TO_32_BIT_CONVERSION = YES;
				GCC_WARN_ABOUT_RETURN_TYPE = YES_ERROR;
				GCC_WARN_UNDECLARED_SELECTOR = YES;
				GCC_WARN_UNINITIALIZED_AUTOS = YES_AGGRESSIVE;
				GCC_WARN_UNUSED_FUNCTION = YES;
				GCC_WARN_UNUSED_VARIABLE = YES;
				IPHONEOS_DEPLOYMENT_TARGET = 11.1;
				MTL_ENABLE_DEBUG_INFO = NO;
				SDKROOT = iphoneos;
				SWIFT_OPTIMIZATION_LEVEL = "-Owholemodule";
				VALIDATE_PRODUCT = YES;
			};
			name = Release;
		};
		356FBDDD1FB004CB00D97851 /* Debug */ = {
			isa = XCBuildConfiguration;
			baseConfigurationReference = 940D4063E7507759816A4797 /* Pods-IT-Swift.debug.xcconfig */;
			buildSettings = {
				ASSETCATALOG_COMPILER_APPICON_NAME = AppIcon;
				"CODE_SIGN_IDENTITY[sdk=iphoneos*]" = "iPhone Distribution";
				CODE_SIGN_STYLE = Manual;
				DEVELOPMENT_TEAM = 3P68SY6MD5;
				INFOPLIST_FILE = "IT-Swift/Info.plist";
				LD_RUNPATH_SEARCH_PATHS = "$(inherited) @executable_path/Frameworks";
				PRODUCT_BUNDLE_IDENTIFIER = "com.MTS.IT-Swift";
				PRODUCT_NAME = "$(TARGET_NAME)";
				PROVISIONING_PROFILE = "06b52eee-2049-4836-b87d-b2296cc94054";
				PROVISIONING_PROFILE_SPECIFIER = "MTS Provisioning Profile";
				SWIFT_VERSION = 4.0;
				TARGETED_DEVICE_FAMILY = "1,2";
			};
			name = Debug;
		};
		356FBDDE1FB004CB00D97851 /* Release */ = {
			isa = XCBuildConfiguration;
			baseConfigurationReference = 1103C78D8C3DD8DD232904AF /* Pods-IT-Swift.release.xcconfig */;
			buildSettings = {
				ASSETCATALOG_COMPILER_APPICON_NAME = AppIcon;
				"CODE_SIGN_IDENTITY[sdk=iphoneos*]" = "iPhone Distribution";
				CODE_SIGN_STYLE = Manual;
				DEVELOPMENT_TEAM = 3P68SY6MD5;
				INFOPLIST_FILE = "IT-Swift/Info.plist";
				LD_RUNPATH_SEARCH_PATHS = "$(inherited) @executable_path/Frameworks";
				PRODUCT_BUNDLE_IDENTIFIER = "com.MTS.IT-Swift";
				PRODUCT_NAME = "$(TARGET_NAME)";
				PROVISIONING_PROFILE = "06b52eee-2049-4836-b87d-b2296cc94054";
				PROVISIONING_PROFILE_SPECIFIER = "MTS Provisioning Profile";
				SWIFT_VERSION = 4.0;
				TARGETED_DEVICE_FAMILY = "1,2";
			};
			name = Release;
		};
/* End XCBuildConfiguration section */

/* Begin XCConfigurationList section */
		356FBDC51FB004CB00D97851 /* Build configuration list for PBXProject "IT-Swift" */ = {
			isa = XCConfigurationList;
			buildConfigurations = (
				356FBDDA1FB004CB00D97851 /* Debug */,
				356FBDDB1FB004CB00D97851 /* Release */,
			);
			defaultConfigurationIsVisible = 0;
			defaultConfigurationName = Release;
		};
		356FBDDC1FB004CB00D97851 /* Build configuration list for PBXNativeTarget "IT-Swift" */ = {
			isa = XCConfigurationList;
			buildConfigurations = (
				356FBDDD1FB004CB00D97851 /* Debug */,
				356FBDDE1FB004CB00D97851 /* Release */,
			);
			defaultConfigurationIsVisible = 0;
			defaultConfigurationName = Release;
		};
/* End XCConfigurationList section */
	};
	rootObject = 356FBDC21FB004CB00D97851 /* Project object */;
}
